
Microsoft Visual Studio Solution File, Format Version 12.00
# Visual Studio Version 17
VisualStudioVersion = 17.5.002.0
MinimumVisualStudioVersion = 10.0.40219.1
Project("{9A19103F-16F7-4668-BE54-9A1E7A4F7556}") = "greaterThanLessThan", "greaterThanLessThan.csproj", "{0ADC0175-065D-478C-9093-B225ACF7572B}"
EndProject
Global
	GlobalSection(SolutionConfigurationPlatforms) = preSolution
		Debug|Any CPU = Debug|Any CPU
		Release|Any CPU = Release|Any CPU
	EndGlobalSection
	GlobalSection(ProjectConfigurationPlatforms) = postSolution
		{0ADC0175-065D-478C-9093-B225ACF7572B}.Debug|Any CPU.ActiveCfg = Debug|Any CPU
		{0ADC0175-065D-478C-9093-B225ACF7572B}.Debug|Any CPU.Build.0 = Debug|Any CPU
		{0ADC0175-065D-478C-9093-B225ACF7572B}.Release|Any CPU.ActiveCfg = Release|Any CPU
		{0ADC0175-065D-478C-9093-B225ACF7572B}.Release|Any CPU.Build.0 = Release|Any CPU
	EndGlobalSection
	GlobalSection(SolutionProperties) = preSolution
		HideSolutionNode = FALSE
	EndGlobalSection
	GlobalSection(ExtensibilityGlobals) = postSolution
		SolutionGuid = {C6FC25A2-02E0-4ABB-8BDD-4F207883922C}
	EndGlobalSection
EndGlobal
